
Microsoft Visual Studio Solution File, Format Version 12.00
# Visual Studio 15
VisualStudioVersion = 15.0.28010.2046
MinimumVisualStudioVersion = 10.0.40219.1
Project("{FAE04EC0-301F-11D3-BF4B-00C04F79EFBC}") = "LabSheet5", "LabSheet5\LabSheet5.csproj", "{CBBF7457-1F74-4396-B105-1B864A5EBA9A}"
EndProject
Project("{FAE04EC0-301F-11D3-BF4B-00C04F79EFBC}") = "Ex 9", "Ex 9\Ex 9.csproj", "{9A9AAEFA-D18A-4824-9B86-2D76F481B07E}"
EndProject
Global
	GlobalSection(SolutionConfigurationPlatforms) = preSolution
		Debug|Any CPU = Debug|Any CPU
		Release|Any CPU = Release|Any CPU
	EndGlobalSection
	GlobalSection(ProjectConfigurationPlatforms) = postSolution
		{CBBF7457-1F74-4396-B105-1B864A5EBA9A}.Debug|Any CPU.ActiveCfg = Debug|Any CPU
		{CBBF7457-1F74-4396-B105-1B864A5EBA9A}.Debug|Any CPU.Build.0 = Debug|Any CPU
		{CBBF7457-1F74-4396-B105-1B864A5EBA9A}.Release|Any CPU.ActiveCfg = Release|Any CPU
		{CBBF7457-1F74-4396-B105-1B864A5EBA9A}.Release|Any CPU.Build.0 = Release|Any CPU
		{9A9AAEFA-D18A-4824-9B86-2D76F481B07E}.Debug|Any CPU.ActiveCfg = Debug|Any CPU
		{9A9AAEFA-D18A-4824-9B86-2D76F481B07E}.Debug|Any CPU.Build.0 = Debug|Any CPU
		{9A9AAEFA-D18A-4824-9B86-2D76F481B07E}.Release|Any CPU.ActiveCfg = Release|Any CPU
		{9A9AAEFA-D18A-4824-9B86-2D76F481B07E}.Release|Any CPU.Build.0 = Release|Any CPU
	EndGlobalSection
	GlobalSection(SolutionProperties) = preSolution
		HideSolutionNode = FALSE
	EndGlobalSection
	GlobalSection(ExtensibilityGlobals) = postSolution
		SolutionGuid = {4CD0B34E-7C4E-4681-9849-71E06A098CDF}
	EndGlobalSection
EndGlobal
